
Microsoft Visual Studio Solution File, Format Version 12.00
# Visual Studio Version 17
VisualStudioVersion = 17.2.32616.157
MinimumVisualStudioVersion = 10.0.40219.1
Project("{FAE04EC0-301F-11D3-BF4B-00C04F79EFBC}") = "CI_Platform_Project", "CI_Platform_Project\CI_Platform_Project.csproj", "{2AF50424-2E05-412A-B4DF-DA51533E3C32}"
EndProject
Global
	GlobalSection(SolutionConfigurationPlatforms) = preSolution
		Debug|Any CPU = Debug|Any CPU
		Release|Any CPU = Release|Any CPU
	EndGlobalSection
	GlobalSection(ProjectConfigurationPlatforms) = postSolution
		{2AF50424-2E05-412A-B4DF-DA51533E3C32}.Debug|Any CPU.ActiveCfg = Debug|Any CPU
		{2AF50424-2E05-412A-B4DF-DA51533E3C32}.Debug|Any CPU.Build.0 = Debug|Any CPU
		{2AF50424-2E05-412A-B4DF-DA51533E3C32}.Release|Any CPU.ActiveCfg = Release|Any CPU
		{2AF50424-2E05-412A-B4DF-DA51533E3C32}.Release|Any CPU.Build.0 = Release|Any CPU
	EndGlobalSection
	GlobalSection(SolutionProperties) = preSolution
		HideSolutionNode = FALSE
	EndGlobalSection
	GlobalSection(ExtensibilityGlobals) = postSolution
		SolutionGuid = {F41694EF-AED7-47A4-8CBE-63048946B36C}
	EndGlobalSection
EndGlobal
